
Microsoft Visual Studio Solution File, Format Version 12.00
# Visual Studio Version 16
VisualStudioVersion = 16.0.32106.194
MinimumVisualStudioVersion = 10.0.40219.1
Project("{FAE04EC0-301F-11D3-BF4B-00C04F79EFBC}") = "ChessViewer", "ChessViewer\ChessViewer.csproj", "{C2FB1F5A-9133-4FF3-A2CD-BDD6EFBE832A}"
EndProject
Global
	GlobalSection(SolutionConfigurationPlatforms) = preSolution
		Debug|Any CPU = Debug|Any CPU
		Release|Any CPU = Release|Any CPU
	EndGlobalSection
	GlobalSection(ProjectConfigurationPlatforms) = postSolution
		{C2FB1F5A-9133-4FF3-A2CD-BDD6EFBE832A}.Debug|Any CPU.ActiveCfg = Debug|Any CPU
		{C2FB1F5A-9133-4FF3-A2CD-BDD6EFBE832A}.Debug|Any CPU.Build.0 = Debug|Any CPU
		{C2FB1F5A-9133-4FF3-A2CD-BDD6EFBE832A}.Release|Any CPU.ActiveCfg = Release|Any CPU
		{C2FB1F5A-9133-4FF3-A2CD-BDD6EFBE832A}.Release|Any CPU.Build.0 = Release|Any CPU
	EndGlobalSection
	GlobalSection(SolutionProperties) = preSolution
		HideSolutionNode = FALSE
	EndGlobalSection
	GlobalSection(ExtensibilityGlobals) = postSolution
		SolutionGuid = {9D7EDB4E-0BDA-451D-97F4-DA108CC4A3F2}
	EndGlobalSection
EndGlobal
