
Microsoft Visual Studio Solution File, Format Version 12.00
# Visual Studio Version 16
VisualStudioVersion = 16.0.32106.194
MinimumVisualStudioVersion = 10.0.40219.1
Project("{FAE04EC0-301F-11D3-BF4B-00C04F79EFBC}") = "ChessViewer.UI", "ChessViewer.UI\ChessViewer.UI.csproj", "{C2FB1F5A-9133-4FF3-A2CD-BDD6EFBE832A}"
EndProject
Project("{FAE04EC0-301F-11D3-BF4B-00C04F79EFBC}") = "ChessViewer.Data", "ChessViewer.Data\ChessViewer.Data.csproj", "{A05938DB-67C5-45B0-B059-1F23C5A51079}"
EndProject
Project("{FAE04EC0-301F-11D3-BF4B-00C04F79EFBC}") = "ChessViewer.Domain", "ChessViewer.Domain\ChessViewer.Domain.csproj", "{2697BC7B-3677-4A66-948D-A488BA5FF5DF}"
EndProject
Project("{FAE04EC0-301F-11D3-BF4B-00C04F79EFBC}") = "ChessViewer.Services", "ChessViewer.Services\ChessViewer.Services.csproj", "{6C8EE895-C770-4D50-B4F3-5D5C652F08F8}"
EndProject
Global
	GlobalSection(SolutionConfigurationPlatforms) = preSolution
		Debug|Any CPU = Debug|Any CPU
		Release|Any CPU = Release|Any CPU
	EndGlobalSection
	GlobalSection(ProjectConfigurationPlatforms) = postSolution
		{C2FB1F5A-9133-4FF3-A2CD-BDD6EFBE832A}.Debug|Any CPU.ActiveCfg = Debug|Any CPU
		{C2FB1F5A-9133-4FF3-A2CD-BDD6EFBE832A}.Debug|Any CPU.Build.0 = Debug|Any CPU
		{C2FB1F5A-9133-4FF3-A2CD-BDD6EFBE832A}.Release|Any CPU.ActiveCfg = Release|Any CPU
		{C2FB1F5A-9133-4FF3-A2CD-BDD6EFBE832A}.Release|Any CPU.Build.0 = Release|Any CPU
		{A05938DB-67C5-45B0-B059-1F23C5A51079}.Debug|Any CPU.ActiveCfg = Debug|Any CPU
		{A05938DB-67C5-45B0-B059-1F23C5A51079}.Debug|Any CPU.Build.0 = Debug|Any CPU
		{A05938DB-67C5-45B0-B059-1F23C5A51079}.Release|Any CPU.ActiveCfg = Release|Any CPU
		{A05938DB-67C5-45B0-B059-1F23C5A51079}.Release|Any CPU.Build.0 = Release|Any CPU
		{2697BC7B-3677-4A66-948D-A488BA5FF5DF}.Debug|Any CPU.ActiveCfg = Debug|Any CPU
		{2697BC7B-3677-4A66-948D-A488BA5FF5DF}.Debug|Any CPU.Build.0 = Debug|Any CPU
		{2697BC7B-3677-4A66-948D-A488BA5FF5DF}.Release|Any CPU.ActiveCfg = Release|Any CPU
		{2697BC7B-3677-4A66-948D-A488BA5FF5DF}.Release|Any CPU.Build.0 = Release|Any CPU
		{6C8EE895-C770-4D50-B4F3-5D5C652F08F8}.Debug|Any CPU.ActiveCfg = Debug|Any CPU
		{6C8EE895-C770-4D50-B4F3-5D5C652F08F8}.Debug|Any CPU.Build.0 = Debug|Any CPU
		{6C8EE895-C770-4D50-B4F3-5D5C652F08F8}.Release|Any CPU.ActiveCfg = Release|Any CPU
		{6C8EE895-C770-4D50-B4F3-5D5C652F08F8}.Release|Any CPU.Build.0 = Release|Any CPU
	EndGlobalSection
	GlobalSection(SolutionProperties) = preSolution
		HideSolutionNode = FALSE
	EndGlobalSection
	GlobalSection(ExtensibilityGlobals) = postSolution
		SolutionGuid = {9D7EDB4E-0BDA-451D-97F4-DA108CC4A3F2}
	EndGlobalSection
EndGlobal
